
Microsoft Visual Studio Solution File, Format Version 12.00
# Visual Studio Version 17
VisualStudioVersion = 17.3.32929.385
MinimumVisualStudioVersion = 10.0.40219.1
Project("{FAE04EC0-301F-11D3-BF4B-00C04F79EFBC}") = "HeroesVsMonsters", "HeroesVsMonsters\HeroesVsMonsters.csproj", "{69B21CB6-2C04-4299-9BE1-DD9A43BE9CDB}"
EndProject
Global
	GlobalSection(SolutionConfigurationPlatforms) = preSolution
		Debug|Any CPU = Debug|Any CPU
		Release|Any CPU = Release|Any CPU
	EndGlobalSection
	GlobalSection(ProjectConfigurationPlatforms) = postSolution
		{69B21CB6-2C04-4299-9BE1-DD9A43BE9CDB}.Debug|Any CPU.ActiveCfg = Debug|Any CPU
		{69B21CB6-2C04-4299-9BE1-DD9A43BE9CDB}.Debug|Any CPU.Build.0 = Debug|Any CPU
		{69B21CB6-2C04-4299-9BE1-DD9A43BE9CDB}.Release|Any CPU.ActiveCfg = Release|Any CPU
		{69B21CB6-2C04-4299-9BE1-DD9A43BE9CDB}.Release|Any CPU.Build.0 = Release|Any CPU
	EndGlobalSection
	GlobalSection(SolutionProperties) = preSolution
		HideSolutionNode = FALSE
	EndGlobalSection
	GlobalSection(ExtensibilityGlobals) = postSolution
		SolutionGuid = {7204C493-40FE-44AB-BB49-132AF4C1F1C9}
	EndGlobalSection
EndGlobal
